
Microsoft Visual Studio Solution File, Format Version 12.00
# Visual Studio 15
Project("{FAE04EC0-301F-11D3-BF4B-00C04F79EFBC}") = "assignment", "assignment\assignment.csproj", "{2DBF66F6-A2C6-48B6-9EE7-9023DB3E431E}"
EndProject
Project("{FAE04EC0-301F-11D3-BF4B-00C04F79EFBC}") = "Business", "Business\Business.csproj", "{11F64B37-F56B-43F7-93E6-CDDDB7924271}"
EndProject
Project("{FAE04EC0-301F-11D3-BF4B-00C04F79EFBC}") = "DataAccess", "DataAccess\DataAccess.csproj", "{0B6AE399-ACF5-4F1F-B340-38AEBAB1B8FB}"
EndProject
Project("{FAE04EC0-301F-11D3-BF4B-00C04F79EFBC}") = "Models", "Models\Models.csproj", "{BDFFAEF4-62CF-4425-8BA0-91FEF22F288F}"
EndProject
Project("{FAE04EC0-301F-11D3-BF4B-00C04F79EFBC}") = "webApp", "webApp\webApp.csproj", "{D8517459-2D25-4C93-A4CC-ADA0771E14DC}"
EndProject
Project("{FAE04EC0-301F-11D3-BF4B-00C04F79EFBC}") = "myWebService", "myWebService\myWebService.csproj", "{B33C9ADD-1A66-4344-8576-718051B6495C}"
EndProject
Global
	GlobalSection(SolutionConfigurationPlatforms) = preSolution
		Debug|Any CPU = Debug|Any CPU
		Release|Any CPU = Release|Any CPU
	EndGlobalSection
	GlobalSection(ProjectConfigurationPlatforms) = postSolution
		{2DBF66F6-A2C6-48B6-9EE7-9023DB3E431E}.Debug|Any CPU.ActiveCfg = Debug|Any CPU
		{2DBF66F6-A2C6-48B6-9EE7-9023DB3E431E}.Debug|Any CPU.Build.0 = Debug|Any CPU
		{2DBF66F6-A2C6-48B6-9EE7-9023DB3E431E}.Release|Any CPU.ActiveCfg = Release|Any CPU
		{2DBF66F6-A2C6-48B6-9EE7-9023DB3E431E}.Release|Any CPU.Build.0 = Release|Any CPU
		{11F64B37-F56B-43F7-93E6-CDDDB7924271}.Debug|Any CPU.ActiveCfg = Debug|Any CPU
		{11F64B37-F56B-43F7-93E6-CDDDB7924271}.Debug|Any CPU.Build.0 = Debug|Any CPU
		{11F64B37-F56B-43F7-93E6-CDDDB7924271}.Release|Any CPU.ActiveCfg = Release|Any CPU
		{11F64B37-F56B-43F7-93E6-CDDDB7924271}.Release|Any CPU.Build.0 = Release|Any CPU
		{0B6AE399-ACF5-4F1F-B340-38AEBAB1B8FB}.Debug|Any CPU.ActiveCfg = Debug|Any CPU
		{0B6AE399-ACF5-4F1F-B340-38AEBAB1B8FB}.Debug|Any CPU.Build.0 = Debug|Any CPU
		{0B6AE399-ACF5-4F1F-B340-38AEBAB1B8FB}.Release|Any CPU.ActiveCfg = Release|Any CPU
		{0B6AE399-ACF5-4F1F-B340-38AEBAB1B8FB}.Release|Any CPU.Build.0 = Release|Any CPU
		{BDFFAEF4-62CF-4425-8BA0-91FEF22F288F}.Debug|Any CPU.ActiveCfg = Debug|Any CPU
		{BDFFAEF4-62CF-4425-8BA0-91FEF22F288F}.Debug|Any CPU.Build.0 = Debug|Any CPU
		{BDFFAEF4-62CF-4425-8BA0-91FEF22F288F}.Release|Any CPU.ActiveCfg = Release|Any CPU
		{BDFFAEF4-62CF-4425-8BA0-91FEF22F288F}.Release|Any CPU.Build.0 = Release|Any CPU
		{D8517459-2D25-4C93-A4CC-ADA0771E14DC}.Debug|Any CPU.ActiveCfg = Debug|Any CPU
		{D8517459-2D25-4C93-A4CC-ADA0771E14DC}.Debug|Any CPU.Build.0 = Debug|Any CPU
		{D8517459-2D25-4C93-A4CC-ADA0771E14DC}.Release|Any CPU.ActiveCfg = Release|Any CPU
		{D8517459-2D25-4C93-A4CC-ADA0771E14DC}.Release|Any CPU.Build.0 = Release|Any CPU
		{B33C9ADD-1A66-4344-8576-718051B6495C}.Debug|Any CPU.ActiveCfg = Debug|Any CPU
		{B33C9ADD-1A66-4344-8576-718051B6495C}.Debug|Any CPU.Build.0 = Debug|Any CPU
		{B33C9ADD-1A66-4344-8576-718051B6495C}.Release|Any CPU.ActiveCfg = Release|Any CPU
		{B33C9ADD-1A66-4344-8576-718051B6495C}.Release|Any CPU.Build.0 = Release|Any CPU
	EndGlobalSection
EndGlobal
